{
    "_meta": {
        "hash": {
            "sha256": "1f32786d9fff485dd29e27f51da2805ed79e190cbf457ce4902744c78545bab3"
        },
        "pipfile-spec": 6,
        "requires": {
            "python_version": "3.9"
        },
        "sources": [
            {
                "name": "pypi",
                "url": "https://pypi.org/simple",
                "verify_ssl": true
            }
        ]
    },
    "default": {
        "asgiref": {
            "hashes": [
                "sha256:45a429524fba18aba9d512498b19d220c4d628e75b40cf5c627524dbaebc5cc1",
                "sha256:fddeea3c53fa99d0cdb613c3941cc6e52d822491fc2753fba25768fb5bf4e865"
            ],
            "markers": "python_version >= '3.7'",
            "version": "==3.5.1"
        },
        "dj-database-url": {
            "hashes": [
                "sha256:4aeaeb1f573c74835b0686a2b46b85990571159ffc21aa57ecd4d1e1cb334163",
                "sha256:851785365761ebe4994a921b433062309eb882fedd318e1b0fcecc607ed02da9"
            ],
            "version": "==0.5.0"
        },
        "django": {
            "hashes": [
                "sha256:07c8638e7a7f548dc0acaaa7825d84b7bd42b10e8d22268b3d572946f1e9b687",
                "sha256:4e8177858524417563cc0430f29ea249946d831eacb0068a1455686587df40b5"
            ],
            "index": "pypi",
            "version": "==4.0.4"
        },
        "django-crispy-forms": {
            "hashes": [
                "sha256:35887b8851a931374dd697207a8f56c57a9c5cb9dbf0b9fa54314da5666cea5b",
                "sha256:bc4d2037f6de602d39c0bc452ac3029d1f5d65e88458872cc4dbc01c3a400604"
            ],
            "index": "pypi",
            "version": "==1.14.0"
        },
        "django-on-heroku": {
            "hashes": [
                "sha256:4a72ade056335112cba22eea332552d840b718dd8140d43c2d70bb739875955b",
                "sha256:a41fe83ef7ecb022ca92b2950a61f79fef156e58f4f35fc7fc4ecacdc5225fb8"
            ],
            "index": "pypi",
            "version": "==1.1.2"
        },
        "gunicorn": {
            "hashes": [
                "sha256:aa8e0b40b4157b36a5df5e599f45c9c76d6af43845ba3b3b0efe2c70473c2471",
                "sha256:fa2662097c66f920f53f70621c6c58ca4a3c4d3434205e608e121b5b3b71f4f3"
            ],
            "index": "pypi",
            "version": "==19.9.0"
        },
        "joblib": {
            "hashes": [
                "sha256:4158fcecd13733f8be669be0683b96ebdbbd38d23559f54dca7205aea1bf1e35",
                "sha256:f21f109b3c7ff9d95f8387f752d0d9c34a02aa2f7060c2135f465da0e5160ff6"
            ],
            "markers": "python_version >= '3.6'",
            "version": "==1.1.0"
        },
        "numpy": {
            "hashes": [
                "sha256:07a8c89a04997625236c5ecb7afe35a02af3896c8aa01890a849913a2309c676",
                "sha256:08d9b008d0156c70dc392bb3ab3abb6e7a711383c3247b410b39962263576cd4",
                "sha256:201b4d0552831f7250a08d3b38de0d989d6f6e4658b709a02a73c524ccc6ffce",
                "sha256:2c10a93606e0b4b95c9b04b77dc349b398fdfbda382d2a39ba5a822f669a0123",
                "sha256:3ca688e1b9b95d80250bca34b11a05e389b1420d00e87a0d12dc45f131f704a1",
                "sha256:48a3aecd3b997bf452a2dedb11f4e79bc5bfd21a1d4cc760e703c31d57c84b3e",
                "sha256:568dfd16224abddafb1cbcce2ff14f522abe037268514dd7e42c6776a1c3f8e5",
                "sha256:5bfb1bb598e8229c2d5d48db1860bcf4311337864ea3efdbe1171fb0c5da515d",
                "sha256:639b54cdf6aa4f82fe37ebf70401bbb74b8508fddcf4797f9fe59615b8c5813a",
                "sha256:8251ed96f38b47b4295b1ae51631de7ffa8260b5b087808ef09a39a9d66c97ab",
                "sha256:92bfa69cfbdf7dfc3040978ad09a48091143cffb778ec3b03fa170c494118d75",
                "sha256:97098b95aa4e418529099c26558eeb8486e66bd1e53a6b606d684d0c3616b168",
                "sha256:a3bae1a2ed00e90b3ba5f7bd0a7c7999b55d609e0c54ceb2b076a25e345fa9f4",
                "sha256:c34ea7e9d13a70bf2ab64a2532fe149a9aced424cd05a2c4ba662fd989e3e45f",
                "sha256:dbc7601a3b7472d559dc7b933b18b4b66f9aa7452c120e87dfb33d02008c8a18",
                "sha256:e7927a589df200c5e23c57970bafbd0cd322459aa7b1ff73b7c2e84d6e3eae62",
                "sha256:f8c1f39caad2c896bc0018f699882b345b2a63708008be29b1f355ebf6f933fe",
                "sha256:f950f8845b480cffe522913d35567e29dd381b0dc7e4ce6a4a9f9156417d2430",
                "sha256:fade0d4f4d292b6f39951b6836d7a3c7ef5b2347f3c420cd9820a1d90d794802",
                "sha256:fdf3c08bce27132395d3c3ba1503cac12e17282358cb4bddc25cc46b0aca07aa"
            ],
            "markers": "python_version < '3.10' and platform_machine != 'aarch64' and platform_machine != 'arm64'",
            "version": "==1.22.3"
        },
        "pandas": {
            "hashes": [
                "sha256:0010771bd9223f7afe5f051eb47c4a49534345dfa144f2f5470b27189a4dd3b5",
                "sha256:061609334a8182ab500a90fe66d46f6f387de62d3a9cb9aa7e62e3146c712167",
                "sha256:09d8be7dd9e1c4c98224c4dfe8abd60d145d934e9fc1f5f411266308ae683e6a",
                "sha256:295872bf1a09758aba199992c3ecde455f01caf32266d50abc1a073e828a7b9d",
                "sha256:3228198333dd13c90b6434ddf61aa6d57deaca98cf7b654f4ad68a2db84f8cfe",
                "sha256:385c52e85aaa8ea6a4c600a9b2821181a51f8be0aee3af6f2dcb41dafc4fc1d0",
                "sha256:51649ef604a945f781105a6d2ecf88db7da0f4868ac5d45c51cb66081c4d9c73",
                "sha256:5586cc95692564b441f4747c47c8a9746792e87b40a4680a2feb7794defb1ce3",
                "sha256:5a206afa84ed20e07603f50d22b5f0db3fb556486d8c2462d8bc364831a4b417",
                "sha256:5b79af3a69e5175c6fa7b4e046b21a646c8b74e92c6581a9d825687d92071b51",
                "sha256:5c54ea4ef3823108cd4ec7fb27ccba4c3a775e0f83e39c5e17f5094cb17748bc",
                "sha256:8c5bf555b6b0075294b73965adaafb39cf71c312e38c5935c93d78f41c19828a",
                "sha256:92bc1fc585f1463ca827b45535957815b7deb218c549b7c18402c322c7549a12",
                "sha256:95c1e422ced0199cf4a34385ff124b69412c4bc912011ce895582bee620dfcaa",
                "sha256:b8134651258bce418cb79c71adeff0a44090c98d955f6953168ba16cc285d9f7",
                "sha256:be67c782c4f1b1f24c2f16a157e12c2693fd510f8df18e3287c77f33d124ed07",
                "sha256:c072c7f06b9242c855ed8021ff970c0e8f8b10b35e2640c657d2a541c5950f59",
                "sha256:d0d4f13e4be7ce89d7057a786023c461dd9370040bdb5efa0a7fe76b556867a0",
                "sha256:df82739e00bb6daf4bba4479a40f38c718b598a84654cbd8bb498fd6b0aa8c16",
                "sha256:f549097993744ff8c41b5e8f2f0d3cbfaabe89b4ae32c8c08ead6cc535b80139",
                "sha256:ff08a14ef21d94cdf18eef7c569d66f2e24e0bc89350bcd7d243dd804e3b5eb2"
            ],
            "index": "pypi",
            "version": "==1.4.2"
        },
        "psycopg2-binary": {
            "hashes": [
                "sha256:01310cf4cf26db9aea5158c217caa92d291f0500051a6469ac52166e1a16f5b7",
                "sha256:083a55275f09a62b8ca4902dd11f4b33075b743cf0d360419e2051a8a5d5ff76",
                "sha256:090f3348c0ab2cceb6dfbe6bf721ef61262ddf518cd6cc6ecc7d334996d64efa",
                "sha256:0a29729145aaaf1ad8bafe663131890e2111f13416b60e460dae0a96af5905c9",
                "sha256:0c9d5450c566c80c396b7402895c4369a410cab5a82707b11aee1e624da7d004",
                "sha256:10bb90fb4d523a2aa67773d4ff2b833ec00857f5912bafcfd5f5414e45280fb1",
                "sha256:12b11322ea00ad8db8c46f18b7dfc47ae215e4df55b46c67a94b4effbaec7094",
                "sha256:152f09f57417b831418304c7f30d727dc83a12761627bb826951692cc6491e57",
                "sha256:15803fa813ea05bef089fa78835118b5434204f3a17cb9f1e5dbfd0b9deea5af",
                "sha256:15c4e4cfa45f5a60599d9cec5f46cd7b1b29d86a6390ec23e8eebaae84e64554",
                "sha256:183a517a3a63503f70f808b58bfbf962f23d73b6dccddae5aa56152ef2bcb232",
                "sha256:1f14c8b0942714eb3c74e1e71700cbbcb415acbc311c730370e70c578a44a25c",
                "sha256:1f6b813106a3abdf7b03640d36e24669234120c72e91d5cbaeb87c5f7c36c65b",
                "sha256:280b0bb5cbfe8039205c7981cceb006156a675362a00fe29b16fbc264e242834",
                "sha256:2d872e3c9d5d075a2e104540965a1cf898b52274a5923936e5bfddb58c59c7c2",
                "sha256:2f9ffd643bc7349eeb664eba8864d9e01f057880f510e4681ba40a6532f93c71",
                "sha256:3303f8807f342641851578ee7ed1f3efc9802d00a6f83c101d21c608cb864460",
                "sha256:35168209c9d51b145e459e05c31a9eaeffa9a6b0fd61689b48e07464ffd1a83e",
                "sha256:3a79d622f5206d695d7824cbf609a4f5b88ea6d6dab5f7c147fc6d333a8787e4",
                "sha256:404224e5fef3b193f892abdbf8961ce20e0b6642886cfe1fe1923f41aaa75c9d",
                "sha256:46f0e0a6b5fa5851bbd9ab1bc805eef362d3a230fbdfbc209f4a236d0a7a990d",
                "sha256:47133f3f872faf28c1e87d4357220e809dfd3fa7c64295a4a148bcd1e6e34ec9",
                "sha256:526ea0378246d9b080148f2d6681229f4b5964543c170dd10bf4faaab6e0d27f",
                "sha256:53293533fcbb94c202b7c800a12c873cfe24599656b341f56e71dd2b557be063",
                "sha256:539b28661b71da7c0e428692438efbcd048ca21ea81af618d845e06ebfd29478",
                "sha256:57804fc02ca3ce0dbfbef35c4b3a4a774da66d66ea20f4bda601294ad2ea6092",
                "sha256:63638d875be8c2784cfc952c9ac34e2b50e43f9f0a0660b65e2a87d656b3116c",
                "sha256:6472a178e291b59e7f16ab49ec8b4f3bdada0a879c68d3817ff0963e722a82ce",
                "sha256:68641a34023d306be959101b345732360fc2ea4938982309b786f7be1b43a4a1",
                "sha256:6e82d38390a03da28c7985b394ec3f56873174e2c88130e6966cb1c946508e65",
                "sha256:761df5313dc15da1502b21453642d7599d26be88bff659382f8f9747c7ebea4e",
                "sha256:7af0dd86ddb2f8af5da57a976d27cd2cd15510518d582b478fbb2292428710b4",
                "sha256:7b1e9b80afca7b7a386ef087db614faebbf8839b7f4db5eb107d0f1a53225029",
                "sha256:874a52ecab70af13e899f7847b3e074eeb16ebac5615665db33bce8a1009cf33",
                "sha256:887dd9aac71765ac0d0bac1d0d4b4f2c99d5f5c1382d8b770404f0f3d0ce8a39",
                "sha256:8b344adbb9a862de0c635f4f0425b7958bf5a4b927c8594e6e8d261775796d53",
                "sha256:8fc53f9af09426a61db9ba357865c77f26076d48669f2e1bb24d85a22fb52307",
                "sha256:91920527dea30175cc02a1099f331aa8c1ba39bf8b7762b7b56cbf54bc5cce42",
                "sha256:93cd1967a18aa0edd4b95b1dfd554cf15af657cb606280996d393dadc88c3c35",
                "sha256:99485cab9ba0fa9b84f1f9e1fef106f44a46ef6afdeec8885e0b88d0772b49e8",
                "sha256:9d29409b625a143649d03d0fd7b57e4b92e0ecad9726ba682244b73be91d2fdb",
                "sha256:a29b3ca4ec9defec6d42bf5feb36bb5817ba3c0230dd83b4edf4bf02684cd0ae",
                "sha256:a9e1f75f96ea388fbcef36c70640c4efbe4650658f3d6a2967b4cc70e907352e",
                "sha256:accfe7e982411da3178ec690baaceaad3c278652998b2c45828aaac66cd8285f",
                "sha256:adf20d9a67e0b6393eac162eb81fb10bc9130a80540f4df7e7355c2dd4af9fba",
                "sha256:af9813db73395fb1fc211bac696faea4ca9ef53f32dc0cfa27e4e7cf766dcf24",
                "sha256:b1c8068513f5b158cf7e29c43a77eb34b407db29aca749d3eb9293ee0d3103ca",
                "sha256:bda845b664bb6c91446ca9609fc69f7db6c334ec5e4adc87571c34e4f47b7ddb",
                "sha256:c381bda330ddf2fccbafab789d83ebc6c53db126e4383e73794c74eedce855ef",
                "sha256:c3ae8e75eb7160851e59adc77b3a19a976e50622e44fd4fd47b8b18208189d42",
                "sha256:d1c1b569ecafe3a69380a94e6ae09a4789bbb23666f3d3a08d06bbd2451f5ef1",
                "sha256:def68d7c21984b0f8218e8a15d514f714d96904265164f75f8d3a70f9c295667",
                "sha256:dffc08ca91c9ac09008870c9eb77b00a46b3378719584059c034b8945e26b272",
                "sha256:e3699852e22aa68c10de06524a3721ade969abf382da95884e6a10ff798f9281",
                "sha256:e847774f8ffd5b398a75bc1c18fbb56564cda3d629fe68fd81971fece2d3c67e",
                "sha256:ffb7a888a047696e7f8240d649b43fb3644f14f0ee229077e7f6b9f9081635bd"
            ],
            "markers": "python_version >= '3.6'",
            "version": "==2.9.3"
        },
        "python-dateutil": {
            "hashes": [
                "sha256:0123cacc1627ae19ddf3c27a5de5bd67ee4586fbdd6440d9748f8abb483d3e86",
                "sha256:961d03dc3453ebbc59dbdea9e4e11c5651520a876d0f4db161e8674aae935da9"
            ],
            "markers": "python_version >= '2.7' and python_version not in '3.0, 3.1, 3.2, 3.3'",
            "version": "==2.8.2"
        },
        "pytz": {
            "hashes": [
                "sha256:1e760e2fe6a8163bc0b3d9a19c4f84342afa0a2affebfaa84b01b978a02ecaa7",
                "sha256:e68985985296d9a66a881eb3193b0906246245294a881e7c8afe623866ac6a5c"
            ],
            "version": "==2022.1"
        },
        "scikit-learn": {
            "hashes": [
                "sha256:08ef968f6b72033c16c479c966bf37ccd49b06ea91b765e1cc27afefe723920b",
                "sha256:158faf30684c92a78e12da19c73feff9641a928a8024b4fa5ec11d583f3d8a87",
                "sha256:16455ace947d8d9e5391435c2977178d0ff03a261571e67f627c8fee0f9d431a",
                "sha256:245c9b5a67445f6f044411e16a93a554edc1efdcce94d3fc0bc6a4b9ac30b752",
                "sha256:285db0352e635b9e3392b0b426bc48c3b485512d3b4ac3c7a44ec2a2ba061e66",
                "sha256:2f3b453e0b149898577e301d27e098dfe1a36943f7bb0ad704d1e548efc3b448",
                "sha256:46f431ec59dead665e1370314dbebc99ead05e1c0a9df42f22d6a0e00044820f",
                "sha256:55f2f3a8414e14fbee03782f9fe16cca0f141d639d2b1c1a36779fa069e1db57",
                "sha256:5cb33fe1dc6f73dc19e67b264dbb5dde2a0539b986435fdd78ed978c14654830",
                "sha256:75307d9ea39236cad7eea87143155eea24d48f93f3a2f9389c817f7019f00705",
                "sha256:7626a34eabbf370a638f32d1a3ad50526844ba58d63e3ab81ba91e2a7c6d037e",
                "sha256:7a93c1292799620df90348800d5ac06f3794c1316ca247525fa31169f6d25855",
                "sha256:7d6b2475f1c23a698b48515217eb26b45a6598c7b1840ba23b3c5acece658dbb",
                "sha256:80095a1e4b93bd33261ef03b9bc86d6db649f988ea4dbcf7110d0cded8d7213d",
                "sha256:85260fb430b795d806251dd3bb05e6f48cdc777ac31f2bcf2bc8bbed3270a8f5",
                "sha256:9369b030e155f8188743eb4893ac17a27f81d28a884af460870c7c072f114243",
                "sha256:a053a6a527c87c5c4fa7bf1ab2556fa16d8345cf99b6c5a19030a4a7cd8fd2c0",
                "sha256:a90b60048f9ffdd962d2ad2fb16367a87ac34d76e02550968719eb7b5716fd10",
                "sha256:a999c9f02ff9570c783069f1074f06fe7386ec65b84c983db5aeb8144356a355",
                "sha256:b1391d1a6e2268485a63c3073111fe3ba6ec5145fc957481cfd0652be571226d",
                "sha256:b54a62c6e318ddbfa7d22c383466d38d2ee770ebdb5ddb668d56a099f6eaf75f",
                "sha256:b5870959a5484b614f26d31ca4c17524b1b0317522199dc985c3b4256e030767",
                "sha256:bc3744dabc56b50bec73624aeca02e0def06b03cb287de26836e730659c5d29c",
                "sha256:d93d4c28370aea8a7cbf6015e8a669cd5d69f856cc2aa44e7a590fb805bb5583",
                "sha256:d9aac97e57c196206179f674f09bc6bffcd0284e2ba95b7fe0b402ac3f986023",
                "sha256:da3c84694ff693b5b3194d8752ccf935a665b8b5edc33a283122f4273ca3e687",
                "sha256:e174242caecb11e4abf169342641778f68e1bfaba80cd18acd6bc84286b9a534",
                "sha256:eabceab574f471de0b0eb3f2ecf2eee9f10b3106570481d007ed1c84ebf6d6a1",
                "sha256:f14517e174bd7332f1cca2c959e704696a5e0ba246eb8763e6c24876d8710049",
                "sha256:fa38a1b9b38ae1fad2863eff5e0d69608567453fdfc850c992e6e47eb764e846",
                "sha256:ff3fa8ea0e09e38677762afc6e14cad77b5e125b0ea70c9bba1992f02c93b028",
                "sha256:ff746a69ff2ef25f62b36338c615dd15954ddc3ab8e73530237dd73235e76d62"
            ],
            "markers": "python_version >= '3.7'",
            "version": "==1.0.2"
        },
        "scipy": {
            "hashes": [
                "sha256:011d4386b53b933142f58a652aa0f149c9b9242abd4f900b9f4ea5fbafc86b89",
                "sha256:16e09ef68b352d73befa8bcaf3ebe25d3941fe1a58c82909d5589856e6bc8174",
                "sha256:31d4f2d6b724bc9a98e527b5849b8a7e589bf1ea630c33aa563eda912c9ff0bd",
                "sha256:38aa39b6724cb65271e469013aeb6f2ce66fd44f093e241c28a9c6bc64fd79ed",
                "sha256:3d573228c10a3a8c32b9037be982e6440e411b443a6267b067cac72f690b8d56",
                "sha256:3d9dd6c8b93a22bf9a3a52d1327aca7e092b1299fb3afc4f89e8eba381be7b59",
                "sha256:559a8a4c03a5ba9fe3232f39ed24f86457e4f3f6c0abbeae1fb945029f092720",
                "sha256:5e73343c5e0d413c1f937302b2e04fb07872f5843041bcfd50699aef6e95e399",
                "sha256:723b9f878095ed994756fa4ee3060c450e2db0139c5ba248ee3f9628bd64e735",
                "sha256:87b01c7d5761e8a266a0fbdb9d88dcba0910d63c1c671bdb4d99d29f469e9e03",
                "sha256:8f4d059a97b29c91afad46b1737274cb282357a305a80bdd9e8adf3b0ca6a3f0",
                "sha256:92b2c2af4183ed09afb595709a8ef5783b2baf7f41e26ece24e1329c109691a7",
                "sha256:937d28722f13302febde29847bbe554b89073fbb924a30475e5ed7b028898b5f",
                "sha256:a279e27c7f4566ef18bab1b1e2c37d168e365080974758d107e7d237d3f0f484",
                "sha256:ad5be4039147c808e64f99c0e8a9641eb5d2fa079ff5894dcd8240e94e347af4",
                "sha256:ae3e327da323d82e918e593460e23babdce40d7ab21490ddf9fc06dec6b91a18",
                "sha256:bb7088e89cd751acf66195d2f00cf009a1ea113f3019664032d9075b1e727b6c",
                "sha256:c17a1878d00a5dd2797ccd73623ceca9d02375328f6218ee6d921e1325e61aff",
                "sha256:c2bae431d127bf0b1da81fc24e4bba0a84d058e3a96b9dd6475dfcb3c5e8761e",
                "sha256:de2e80ee1d925984c2504812a310841c241791c5279352be4707cdcd7c255039",
                "sha256:e6f0cd9c0bd374ef834ee1e0f0999678d49dcc400ea6209113d81528958f97c7",
                "sha256:f3720d0124aced49f6f2198a6900304411dbbeed12f56951d7c66ebef05e3df6",
                "sha256:f4a6d3b9f9797eb2d43938ac2c5d96d02aed17ef170c8b38f11798717523ddba"
            ],
            "markers": "python_version < '3.11' and python_version >= '3.8'",
            "version": "==1.8.0"
        },
        "six": {
            "hashes": [
                "sha256:1e61c37477a1626458e36f7b1d82aa5c9b094fa4802892072e49de9c60c4c926",
                "sha256:8abb2f1d86890a2dfb989f9a77cfcfd3e47c2a354b01111771326f8aa26e0254"
            ],
            "markers": "python_version >= '2.7' and python_version not in '3.0, 3.1, 3.2, 3.3'",
            "version": "==1.16.0"
        },
        "sklearn": {
            "hashes": [
                "sha256:e23001573aa194b834122d2b9562459bf5ae494a2d59ca6b8aa22c85a44c0e31"
            ],
            "index": "pypi",
            "version": "==0.0"
        },
        "sqlparse": {
            "hashes": [
                "sha256:0c00730c74263a94e5a9919ade150dfc3b19c574389985446148402998287dae",
                "sha256:48719e356bb8b42991bdbb1e8b83223757b93789c00910a616a071910ca4a64d"
            ],
            "markers": "python_version >= '3.5'",
            "version": "==0.4.2"
        },
        "threadpoolctl": {
            "hashes": [
                "sha256:8b99adda265feb6773280df41eece7b2e6561b772d21ffd52e372f999024907b",
                "sha256:a335baacfaa4400ae1f0d8e3a58d6674d2f8828e3716bb2802c44955ad391380"
            ],
            "markers": "python_version >= '3.6'",
            "version": "==3.1.0"
        },
        "whitenoise": {
            "hashes": [
                "sha256:08c42bc535f9777eea1a599289d9433f081921f97887eaf6f559446b2a080374",
                "sha256:5a4aff543ee860fbe40d743e556adf92ccd41b7df45697cae074afdf657056b9"
            ],
            "index": "pypi",
            "version": "==6.0.0"
        }
    },
    "develop": {}
}
